
Microsoft Visual Studio Solution File, Format Version 12.00
# Visual Studio Version 16
VisualStudioVersion = 16.0.29728.190
MinimumVisualStudioVersion = 10.0.40219.1
Project("{9A19103F-16F7-4668-BE54-9A1E7A4F7556}") = "OdeToFood", "OdeToFood.csproj", "{CFA98F4D-7179-4504-A95C-2B7A360A1A28}"
EndProject
Global
	GlobalSection(SolutionConfigurationPlatforms) = preSolution
		Debug|Any CPU = Debug|Any CPU
		Release|Any CPU = Release|Any CPU
	EndGlobalSection
	GlobalSection(ProjectConfigurationPlatforms) = postSolution
		{CFA98F4D-7179-4504-A95C-2B7A360A1A28}.Debug|Any CPU.ActiveCfg = Debug|Any CPU
		{CFA98F4D-7179-4504-A95C-2B7A360A1A28}.Debug|Any CPU.Build.0 = Debug|Any CPU
		{CFA98F4D-7179-4504-A95C-2B7A360A1A28}.Release|Any CPU.ActiveCfg = Release|Any CPU
		{CFA98F4D-7179-4504-A95C-2B7A360A1A28}.Release|Any CPU.Build.0 = Release|Any CPU
	EndGlobalSection
	GlobalSection(SolutionProperties) = preSolution
		HideSolutionNode = FALSE
	EndGlobalSection
	GlobalSection(ExtensibilityGlobals) = postSolution
		SolutionGuid = {65E5B18D-0F83-4FD4-9A4E-6E6F443668CC}
	EndGlobalSection
EndGlobal
